
Microsoft Visual Studio Solution File, Format Version 12.00
# Visual Studio Version 17
VisualStudioVersion = 17.6.33815.320
MinimumVisualStudioVersion = 10.0.40219.1
Project("{FAE04EC0-301F-11D3-BF4B-00C04F79EFBC}") = "section 6 ---3", "section 6 ---3.csproj", "{B46C3DEE-8E12-429A-A1F9-9817F4CB8242}"
EndProject
Global
	GlobalSection(SolutionConfigurationPlatforms) = preSolution
		Debug|Any CPU = Debug|Any CPU
		Release|Any CPU = Release|Any CPU
	EndGlobalSection
	GlobalSection(ProjectConfigurationPlatforms) = postSolution
		{B46C3DEE-8E12-429A-A1F9-9817F4CB8242}.Debug|Any CPU.ActiveCfg = Debug|Any CPU
		{B46C3DEE-8E12-429A-A1F9-9817F4CB8242}.Debug|Any CPU.Build.0 = Debug|Any CPU
		{B46C3DEE-8E12-429A-A1F9-9817F4CB8242}.Release|Any CPU.ActiveCfg = Release|Any CPU
		{B46C3DEE-8E12-429A-A1F9-9817F4CB8242}.Release|Any CPU.Build.0 = Release|Any CPU
	EndGlobalSection
	GlobalSection(SolutionProperties) = preSolution
		HideSolutionNode = FALSE
	EndGlobalSection
	GlobalSection(ExtensibilityGlobals) = postSolution
		SolutionGuid = {D2C0E315-1DBF-4B02-8B03-4D0AF39A4C0D}
	EndGlobalSection
EndGlobal
